
Microsoft Visual Studio Solution File, Format Version 12.00
# Visual Studio Version 17
VisualStudioVersion = 17.3.32922.545
MinimumVisualStudioVersion = 10.0.40219.1
Project("{FAE04EC0-301F-11D3-BF4B-00C04F79EFBC}") = "DotNetWithGitHub", "DotNetWithGitHub.csproj", "{4E15BE5A-DE59-42B3-A1B3-2513FB9D3C4F}"
EndProject
Global
	GlobalSection(SolutionConfigurationPlatforms) = preSolution
		Debug|Any CPU = Debug|Any CPU
		Release|Any CPU = Release|Any CPU
	EndGlobalSection
	GlobalSection(ProjectConfigurationPlatforms) = postSolution
		{4E15BE5A-DE59-42B3-A1B3-2513FB9D3C4F}.Debug|Any CPU.ActiveCfg = Debug|Any CPU
		{4E15BE5A-DE59-42B3-A1B3-2513FB9D3C4F}.Debug|Any CPU.Build.0 = Debug|Any CPU
		{4E15BE5A-DE59-42B3-A1B3-2513FB9D3C4F}.Release|Any CPU.ActiveCfg = Release|Any CPU
		{4E15BE5A-DE59-42B3-A1B3-2513FB9D3C4F}.Release|Any CPU.Build.0 = Release|Any CPU
	EndGlobalSection
	GlobalSection(SolutionProperties) = preSolution
		HideSolutionNode = FALSE
	EndGlobalSection
	GlobalSection(ExtensibilityGlobals) = postSolution
		SolutionGuid = {E1F76D59-73E6-418D-B178-A62590F3A52D}
	EndGlobalSection
EndGlobal
